
Microsoft Visual Studio Solution File, Format Version 12.00
# Visual Studio Version 17
VisualStudioVersion = 17.3.32929.385
MinimumVisualStudioVersion = 10.0.40219.1
Project("{FAE04EC0-301F-11D3-BF4B-00C04F79EFBC}") = "Courses", "Courses\Courses.csproj", "{2C18AA46-0772-4401-9157-DBE4A1695E91}"
EndProject
Global
	GlobalSection(SolutionConfigurationPlatforms) = preSolution
		Debug|Any CPU = Debug|Any CPU
		Release|Any CPU = Release|Any CPU
	EndGlobalSection
	GlobalSection(ProjectConfigurationPlatforms) = postSolution
		{2C18AA46-0772-4401-9157-DBE4A1695E91}.Debug|Any CPU.ActiveCfg = Debug|Any CPU
		{2C18AA46-0772-4401-9157-DBE4A1695E91}.Debug|Any CPU.Build.0 = Debug|Any CPU
		{2C18AA46-0772-4401-9157-DBE4A1695E91}.Release|Any CPU.ActiveCfg = Release|Any CPU
		{2C18AA46-0772-4401-9157-DBE4A1695E91}.Release|Any CPU.Build.0 = Release|Any CPU
	EndGlobalSection
	GlobalSection(SolutionProperties) = preSolution
		HideSolutionNode = FALSE
	EndGlobalSection
	GlobalSection(ExtensibilityGlobals) = postSolution
		SolutionGuid = {3E6051AA-CA4A-4FE3-BBC6-97CBA7319FA6}
	EndGlobalSection
EndGlobal
